
Microsoft Visual Studio Solution File, Format Version 12.00
# Visual Studio Version 16
VisualStudioVersion = 16.0.31424.327
MinimumVisualStudioVersion = 10.0.40219.1
Project("{FAE04EC0-301F-11D3-BF4B-00C04F79EFBC}") = "LostRuinsMod", "LostRuinsMod\LostRuinsMod.csproj", "{117975BC-E9EC-4A98-B1E2-88FBBCFC1033}"
EndProject
Global
	GlobalSection(SolutionConfigurationPlatforms) = preSolution
		Debug|Any CPU = Debug|Any CPU
		Release|Any CPU = Release|Any CPU
	EndGlobalSection
	GlobalSection(ProjectConfigurationPlatforms) = postSolution
		{117975BC-E9EC-4A98-B1E2-88FBBCFC1033}.Debug|Any CPU.ActiveCfg = Debug|Any CPU
		{117975BC-E9EC-4A98-B1E2-88FBBCFC1033}.Debug|Any CPU.Build.0 = Debug|Any CPU
		{117975BC-E9EC-4A98-B1E2-88FBBCFC1033}.Release|Any CPU.ActiveCfg = Release|Any CPU
		{117975BC-E9EC-4A98-B1E2-88FBBCFC1033}.Release|Any CPU.Build.0 = Release|Any CPU
	EndGlobalSection
	GlobalSection(SolutionProperties) = preSolution
		HideSolutionNode = FALSE
	EndGlobalSection
	GlobalSection(ExtensibilityGlobals) = postSolution
		SolutionGuid = {F05AE6A0-BD08-4744-B115-859C7B298F2C}
	EndGlobalSection
EndGlobal
